{
  "requires": true,
  "lockfileVersion": 1,
  "dependencies": {
    "brower": {
      "version": "0.0.2",
      "resolved": "https://registry.npmjs.org/brower/-/brower-0.0.2.tgz",
      "integrity": "sha512-/0quo1J9BoMw4ZDFH+RWvVFBTjWZ3H+1kUNafJ5mTkr828Kl/5+NhOiE+v5/VCkzeTBbymMU4IpmkzfUbKe2Fw=="
    }
  }
}
