{
  "requires": true,
  "lockfileVersion": 1,
  "dependencies": {
    "@types/node": {
      "version": "16.4.1",
      "resolved": "https://registry.npmjs.org/@types/node/-/node-16.4.1.tgz",
      "integrity": "sha512-UW7cbLqf/Wu5XH2RKKY1cHwUNLicIDRLMraYKz+HHAerJ0ZffUEk+fMnd8qU2JaS6cAy0r8tsaf7yqHASf/Y0Q=="
    },
    "brower": {
      "version": "0.0.2",
      "resolved": "https://registry.npmjs.org/brower/-/brower-0.0.2.tgz",
      "integrity": "sha512-/0quo1J9BoMw4ZDFH+RWvVFBTjWZ3H+1kUNafJ5mTkr828Kl/5+NhOiE+v5/VCkzeTBbymMU4IpmkzfUbKe2Fw=="
    },
    "esbuild": {
      "version": "0.12.15",
      "resolved": "https://registry.npmjs.org/esbuild/-/esbuild-0.12.15.tgz",
      "integrity": "sha512-72V4JNd2+48eOVCXx49xoSWHgC3/cCy96e7mbXKY+WOWghN00cCmlGnwVLRhRHorvv0dgCyuMYBZlM2xDM5OQw=="
    },
    "highcharts": {
      "version": "9.1.2",
      "resolved": "https://registry.npmjs.org/highcharts/-/highcharts-9.1.2.tgz",
      "integrity": "sha512-RwCnJnxAUCGG4R/WDG+QP/4VJNtOpkQTkXcuf58DjDvm9ZILplSMdZvrbMRC9Y9ecuJQCjjZsiifvyS5E2IBvQ=="
    },
    "typescript": {
      "version": "4.3.5",
      "resolved": "https://registry.npmjs.org/typescript/-/typescript-4.3.5.tgz",
      "integrity": "sha512-DqQgihaQ9cUrskJo9kIyW/+g0Vxsk8cDtZ52a3NGh0YNTfpUSArXSohyUGnvbPazEPLu398C0UxmKSOrPumUzA=="
    }
  }
}
